
Microsoft Visual Studio Solution File, Format Version 12.00
Project("{FAE04EC0-301F-11D3-BF4B-00C04F79EFBC}") = "OpenXml", "OpenXml\OpenXml.csproj", "{CC33D970-8425-468F-BF19-655873EA8F7B}"
EndProject
Global
	GlobalSection(SolutionConfigurationPlatforms) = preSolution
		Debug|Any CPU = Debug|Any CPU
		Release|Any CPU = Release|Any CPU
	EndGlobalSection
	GlobalSection(ProjectConfigurationPlatforms) = postSolution
		{CC33D970-8425-468F-BF19-655873EA8F7B}.Debug|Any CPU.ActiveCfg = Debug|Any CPU
		{CC33D970-8425-468F-BF19-655873EA8F7B}.Debug|Any CPU.Build.0 = Debug|Any CPU
		{CC33D970-8425-468F-BF19-655873EA8F7B}.Release|Any CPU.ActiveCfg = Release|Any CPU
		{CC33D970-8425-468F-BF19-655873EA8F7B}.Release|Any CPU.Build.0 = Release|Any CPU
	EndGlobalSection
EndGlobal
